
Microsoft Visual Studio Solution File, Format Version 12.00
# Visual Studio Version 17
VisualStudioVersion = 17.1.32414.318
MinimumVisualStudioVersion = 10.0.40219.1
Project("{9A19103F-16F7-4668-BE54-9A1E7A4F7556}") = "AddressBook", "AddressBook.csproj", "{89E6CCD1-4FAF-4411-90C6-4ACE5E7AD628}"
EndProject
Project("{9A19103F-16F7-4668-BE54-9A1E7A4F7556}") = "TestProject", "..\TestProject\TestProject.csproj", "{7990E1D9-F188-437A-BF62-7703CD41FE3C}"
EndProject
Project("{9A19103F-16F7-4668-BE54-9A1E7A4F7556}") = "1-createdatabase", "..\1-createdatabase\1-createdatabase.csproj", "{F61C7185-93B4-4FEA-A5B1-12F7EC538E9F}"
EndProject
Project("{9A19103F-16F7-4668-BE54-9A1E7A4F7556}") = "2-insert into table", "..\2-insert into table\2-insert into table.csproj", "{306ACFEC-096D-4D28-8E8D-F7AFC6FCF76D}"
EndProject
Project("{9A19103F-16F7-4668-BE54-9A1E7A4F7556}") = "TestProject2", "..\TestProject2\TestProject2.csproj", "{D6F9C659-EB81-42EE-BF5D-5C2BBC54EA09}"
EndProject
Project("{9A19103F-16F7-4668-BE54-9A1E7A4F7556}") = "3-edit existing contact", "..\3-edit existing contact\3-edit existing contact.csproj", "{FBBAC995-6755-404E-A73E-23B38EEE4CFB}"
EndProject
Project("{9A19103F-16F7-4668-BE54-9A1E7A4F7556}") = "TestProject3", "..\TestProject3\TestProject3.csproj", "{DC36820F-17C1-4495-B890-7F13D3EFBBF6}"
EndProject
Project("{9A19103F-16F7-4668-BE54-9A1E7A4F7556}") = "4-delete contact based on name", "..\4-delete contact based on name\4-delete contact based on name.csproj", "{D3C8F8A1-758C-4AAE-961A-44E351D24C9D}"
EndProject
Project("{9A19103F-16F7-4668-BE54-9A1E7A4F7556}") = "TestProject4", "..\TestProject4\TestProject4.csproj", "{BCFC327C-F6CE-4801-AF47-2E26BDE3A276}"
EndProject
Project("{9A19103F-16F7-4668-BE54-9A1E7A4F7556}") = "5-retrieve based on city or state", "..\5-retrieve based on city or state\5-retrieve based on city or state.csproj", "{21819238-BFF1-402B-A95F-622E52C6DE60}"
EndProject
Project("{9A19103F-16F7-4668-BE54-9A1E7A4F7556}") = "TestProject5", "..\TestProject5\TestProject5.csproj", "{BCCEAE7E-D7CB-4A98-8F29-3B93AEF74B93}"
EndProject
Project("{9A19103F-16F7-4668-BE54-9A1E7A4F7556}") = "6-retrieve count based on city or state", "..\6-retrieve count based on city or state\6-retrieve count based on city or state.csproj", "{5F855E79-8150-4D18-93C5-8B051746606D}"
EndProject
Project("{9A19103F-16F7-4668-BE54-9A1E7A4F7556}") = "TestProject6", "..\TestProject6\TestProject6.csproj", "{3F99FEE9-2E33-46C0-97B0-D53A0A1156A4}"
EndProject
Project("{9A19103F-16F7-4668-BE54-9A1E7A4F7556}") = "TestProject7", "..\TestProject7\TestProject7.csproj", "{3E7A01A1-63E1-4E5B-82CD-D50AE65E3AEF}"
EndProject
Project("{9A19103F-16F7-4668-BE54-9A1E7A4F7556}") = "7-retrieve count based on city", "..\7-retrieve count based on city\7-retrieve count based on city.csproj", "{1DBDB19A-281A-4B9F-8AB3-1D232C7AE1C0}"
EndProject
Project("{9A19103F-16F7-4668-BE54-9A1E7A4F7556}") = "8-count based on type", "..\8-count based on type\8-count based on type.csproj", "{9E02099F-1B41-468B-A796-DBA5D94775A1}"
EndProject
Project("{9A19103F-16F7-4668-BE54-9A1E7A4F7556}") = "TestProject8", "..\TestProject8\TestProject8.csproj", "{CC231B19-F2B8-41FB-9321-2123006168C1}"
EndProject
Project("{FAE04EC0-301F-11D3-BF4B-00C04F79EFBC}") = "9-10-solve ER implementation", "..\9-10-solve ER implementation\9-10-solve ER implementation.csproj", "{74C5DAAF-47BE-4423-A9A6-DB72B3BB2743}"
EndProject
Project("{FAE04EC0-301F-11D3-BF4B-00C04F79EFBC}") = "TestProject9", "..\TestProject9\TestProject9.csproj", "{6B16D796-72AA-4886-A7A8-C682040D7FC5}"
EndProject
Project("{FAE04EC0-301F-11D3-BF4B-00C04F79EFBC}") = "11-insert into table using transaction", "..\11-insert into table using transaction\11-insert into table using transaction.csproj", "{7E6100DD-2FC9-46EE-B7E5-DDC9B0CF7CEE}"
EndProject
Project("{FAE04EC0-301F-11D3-BF4B-00C04F79EFBC}") = "TestProject11", "..\TestProject11\TestProject11.csproj", "{F64D0A1C-F0B9-4ADE-80AD-6B66221F4DC0}"
EndProject
Project("{FAE04EC0-301F-11D3-BF4B-00C04F79EFBC}") = "TestProject12", "..\TestProject12\TestProject12.csproj", "{14B23DA6-1C76-4F19-A82E-1A0C3A4403E5}"
EndProject
Project("{FAE04EC0-301F-11D3-BF4B-00C04F79EFBC}") = "12-retrieve based on date", "..\12-retrieve based on date\12-retrieve based on date.csproj", "{15EEF16F-4F66-489A-B351-B94712E9BB26}"
EndProject
Project("{FAE04EC0-301F-11D3-BF4B-00C04F79EFBC}") = "13-insert multiple data to list", "..\13-insert multiple data to list\13-insert multiple data to list.csproj", "{073DEA91-900B-4180-9BA0-B44BB7A44B09}"
EndProject
Project("{FAE04EC0-301F-11D3-BF4B-00C04F79EFBC}") = "TestProject13", "..\TestProject13\TestProject13.csproj", "{810AC72B-E37A-43F5-9D7B-D726BFAB802C}"
EndProject
Global
	GlobalSection(SolutionConfigurationPlatforms) = preSolution
		Debug|Any CPU = Debug|Any CPU
		Release|Any CPU = Release|Any CPU
	EndGlobalSection
	GlobalSection(ProjectConfigurationPlatforms) = postSolution
		{89E6CCD1-4FAF-4411-90C6-4ACE5E7AD628}.Debug|Any CPU.ActiveCfg = Debug|Any CPU
		{89E6CCD1-4FAF-4411-90C6-4ACE5E7AD628}.Debug|Any CPU.Build.0 = Debug|Any CPU
		{89E6CCD1-4FAF-4411-90C6-4ACE5E7AD628}.Release|Any CPU.ActiveCfg = Release|Any CPU
		{89E6CCD1-4FAF-4411-90C6-4ACE5E7AD628}.Release|Any CPU.Build.0 = Release|Any CPU
		{7990E1D9-F188-437A-BF62-7703CD41FE3C}.Debug|Any CPU.ActiveCfg = Debug|Any CPU
		{7990E1D9-F188-437A-BF62-7703CD41FE3C}.Debug|Any CPU.Build.0 = Debug|Any CPU
		{7990E1D9-F188-437A-BF62-7703CD41FE3C}.Release|Any CPU.ActiveCfg = Release|Any CPU
		{7990E1D9-F188-437A-BF62-7703CD41FE3C}.Release|Any CPU.Build.0 = Release|Any CPU
		{F61C7185-93B4-4FEA-A5B1-12F7EC538E9F}.Debug|Any CPU.ActiveCfg = Debug|Any CPU
		{F61C7185-93B4-4FEA-A5B1-12F7EC538E9F}.Debug|Any CPU.Build.0 = Debug|Any CPU
		{F61C7185-93B4-4FEA-A5B1-12F7EC538E9F}.Release|Any CPU.ActiveCfg = Release|Any CPU
		{F61C7185-93B4-4FEA-A5B1-12F7EC538E9F}.Release|Any CPU.Build.0 = Release|Any CPU
		{306ACFEC-096D-4D28-8E8D-F7AFC6FCF76D}.Debug|Any CPU.ActiveCfg = Debug|Any CPU
		{306ACFEC-096D-4D28-8E8D-F7AFC6FCF76D}.Debug|Any CPU.Build.0 = Debug|Any CPU
		{306ACFEC-096D-4D28-8E8D-F7AFC6FCF76D}.Release|Any CPU.ActiveCfg = Release|Any CPU
		{306ACFEC-096D-4D28-8E8D-F7AFC6FCF76D}.Release|Any CPU.Build.0 = Release|Any CPU
		{D6F9C659-EB81-42EE-BF5D-5C2BBC54EA09}.Debug|Any CPU.ActiveCfg = Debug|Any CPU
		{D6F9C659-EB81-42EE-BF5D-5C2BBC54EA09}.Debug|Any CPU.Build.0 = Debug|Any CPU
		{D6F9C659-EB81-42EE-BF5D-5C2BBC54EA09}.Release|Any CPU.ActiveCfg = Release|Any CPU
		{D6F9C659-EB81-42EE-BF5D-5C2BBC54EA09}.Release|Any CPU.Build.0 = Release|Any CPU
		{FBBAC995-6755-404E-A73E-23B38EEE4CFB}.Debug|Any CPU.ActiveCfg = Debug|Any CPU
		{FBBAC995-6755-404E-A73E-23B38EEE4CFB}.Debug|Any CPU.Build.0 = Debug|Any CPU
		{FBBAC995-6755-404E-A73E-23B38EEE4CFB}.Release|Any CPU.ActiveCfg = Release|Any CPU
		{FBBAC995-6755-404E-A73E-23B38EEE4CFB}.Release|Any CPU.Build.0 = Release|Any CPU
		{DC36820F-17C1-4495-B890-7F13D3EFBBF6}.Debug|Any CPU.ActiveCfg = Debug|Any CPU
		{DC36820F-17C1-4495-B890-7F13D3EFBBF6}.Debug|Any CPU.Build.0 = Debug|Any CPU
		{DC36820F-17C1-4495-B890-7F13D3EFBBF6}.Release|Any CPU.ActiveCfg = Release|Any CPU
		{DC36820F-17C1-4495-B890-7F13D3EFBBF6}.Release|Any CPU.Build.0 = Release|Any CPU
		{D3C8F8A1-758C-4AAE-961A-44E351D24C9D}.Debug|Any CPU.ActiveCfg = Debug|Any CPU
		{D3C8F8A1-758C-4AAE-961A-44E351D24C9D}.Debug|Any CPU.Build.0 = Debug|Any CPU
		{D3C8F8A1-758C-4AAE-961A-44E351D24C9D}.Release|Any CPU.ActiveCfg = Release|Any CPU
		{D3C8F8A1-758C-4AAE-961A-44E351D24C9D}.Release|Any CPU.Build.0 = Release|Any CPU
		{BCFC327C-F6CE-4801-AF47-2E26BDE3A276}.Debug|Any CPU.ActiveCfg = Debug|Any CPU
		{BCFC327C-F6CE-4801-AF47-2E26BDE3A276}.Debug|Any CPU.Build.0 = Debug|Any CPU
		{BCFC327C-F6CE-4801-AF47-2E26BDE3A276}.Release|Any CPU.ActiveCfg = Release|Any CPU
		{BCFC327C-F6CE-4801-AF47-2E26BDE3A276}.Release|Any CPU.Build.0 = Release|Any CPU
		{21819238-BFF1-402B-A95F-622E52C6DE60}.Debug|Any CPU.ActiveCfg = Debug|Any CPU
		{21819238-BFF1-402B-A95F-622E52C6DE60}.Debug|Any CPU.Build.0 = Debug|Any CPU
		{21819238-BFF1-402B-A95F-622E52C6DE60}.Release|Any CPU.ActiveCfg = Release|Any CPU
		{21819238-BFF1-402B-A95F-622E52C6DE60}.Release|Any CPU.Build.0 = Release|Any CPU
		{BCCEAE7E-D7CB-4A98-8F29-3B93AEF74B93}.Debug|Any CPU.ActiveCfg = Debug|Any CPU
		{BCCEAE7E-D7CB-4A98-8F29-3B93AEF74B93}.Debug|Any CPU.Build.0 = Debug|Any CPU
		{BCCEAE7E-D7CB-4A98-8F29-3B93AEF74B93}.Release|Any CPU.ActiveCfg = Release|Any CPU
		{BCCEAE7E-D7CB-4A98-8F29-3B93AEF74B93}.Release|Any CPU.Build.0 = Release|Any CPU
		{5F855E79-8150-4D18-93C5-8B051746606D}.Debug|Any CPU.ActiveCfg = Debug|Any CPU
		{5F855E79-8150-4D18-93C5-8B051746606D}.Debug|Any CPU.Build.0 = Debug|Any CPU
		{5F855E79-8150-4D18-93C5-8B051746606D}.Release|Any CPU.ActiveCfg = Release|Any CPU
		{5F855E79-8150-4D18-93C5-8B051746606D}.Release|Any CPU.Build.0 = Release|Any CPU
		{3F99FEE9-2E33-46C0-97B0-D53A0A1156A4}.Debug|Any CPU.ActiveCfg = Debug|Any CPU
		{3F99FEE9-2E33-46C0-97B0-D53A0A1156A4}.Debug|Any CPU.Build.0 = Debug|Any CPU
		{3F99FEE9-2E33-46C0-97B0-D53A0A1156A4}.Release|Any CPU.ActiveCfg = Release|Any CPU
		{3F99FEE9-2E33-46C0-97B0-D53A0A1156A4}.Release|Any CPU.Build.0 = Release|Any CPU
		{3E7A01A1-63E1-4E5B-82CD-D50AE65E3AEF}.Debug|Any CPU.ActiveCfg = Debug|Any CPU
		{3E7A01A1-63E1-4E5B-82CD-D50AE65E3AEF}.Debug|Any CPU.Build.0 = Debug|Any CPU
		{3E7A01A1-63E1-4E5B-82CD-D50AE65E3AEF}.Release|Any CPU.ActiveCfg = Release|Any CPU
		{3E7A01A1-63E1-4E5B-82CD-D50AE65E3AEF}.Release|Any CPU.Build.0 = Release|Any CPU
		{1DBDB19A-281A-4B9F-8AB3-1D232C7AE1C0}.Debug|Any CPU.ActiveCfg = Debug|Any CPU
		{1DBDB19A-281A-4B9F-8AB3-1D232C7AE1C0}.Debug|Any CPU.Build.0 = Debug|Any CPU
		{1DBDB19A-281A-4B9F-8AB3-1D232C7AE1C0}.Release|Any CPU.ActiveCfg = Release|Any CPU
		{1DBDB19A-281A-4B9F-8AB3-1D232C7AE1C0}.Release|Any CPU.Build.0 = Release|Any CPU
		{9E02099F-1B41-468B-A796-DBA5D94775A1}.Debug|Any CPU.ActiveCfg = Debug|Any CPU
		{9E02099F-1B41-468B-A796-DBA5D94775A1}.Debug|Any CPU.Build.0 = Debug|Any CPU
		{9E02099F-1B41-468B-A796-DBA5D94775A1}.Release|Any CPU.ActiveCfg = Release|Any CPU
		{9E02099F-1B41-468B-A796-DBA5D94775A1}.Release|Any CPU.Build.0 = Release|Any CPU
		{CC231B19-F2B8-41FB-9321-2123006168C1}.Debug|Any CPU.ActiveCfg = Debug|Any CPU
		{CC231B19-F2B8-41FB-9321-2123006168C1}.Debug|Any CPU.Build.0 = Debug|Any CPU
		{CC231B19-F2B8-41FB-9321-2123006168C1}.Release|Any CPU.ActiveCfg = Release|Any CPU
		{CC231B19-F2B8-41FB-9321-2123006168C1}.Release|Any CPU.Build.0 = Release|Any CPU
		{74C5DAAF-47BE-4423-A9A6-DB72B3BB2743}.Debug|Any CPU.ActiveCfg = Debug|Any CPU
		{74C5DAAF-47BE-4423-A9A6-DB72B3BB2743}.Debug|Any CPU.Build.0 = Debug|Any CPU
		{74C5DAAF-47BE-4423-A9A6-DB72B3BB2743}.Release|Any CPU.ActiveCfg = Release|Any CPU
		{74C5DAAF-47BE-4423-A9A6-DB72B3BB2743}.Release|Any CPU.Build.0 = Release|Any CPU
		{6B16D796-72AA-4886-A7A8-C682040D7FC5}.Debug|Any CPU.ActiveCfg = Debug|Any CPU
		{6B16D796-72AA-4886-A7A8-C682040D7FC5}.Debug|Any CPU.Build.0 = Debug|Any CPU
		{6B16D796-72AA-4886-A7A8-C682040D7FC5}.Release|Any CPU.ActiveCfg = Release|Any CPU
		{6B16D796-72AA-4886-A7A8-C682040D7FC5}.Release|Any CPU.Build.0 = Release|Any CPU
		{7E6100DD-2FC9-46EE-B7E5-DDC9B0CF7CEE}.Debug|Any CPU.ActiveCfg = Debug|Any CPU
		{7E6100DD-2FC9-46EE-B7E5-DDC9B0CF7CEE}.Debug|Any CPU.Build.0 = Debug|Any CPU
		{7E6100DD-2FC9-46EE-B7E5-DDC9B0CF7CEE}.Release|Any CPU.ActiveCfg = Release|Any CPU
		{7E6100DD-2FC9-46EE-B7E5-DDC9B0CF7CEE}.Release|Any CPU.Build.0 = Release|Any CPU
		{F64D0A1C-F0B9-4ADE-80AD-6B66221F4DC0}.Debug|Any CPU.ActiveCfg = Debug|Any CPU
		{F64D0A1C-F0B9-4ADE-80AD-6B66221F4DC0}.Debug|Any CPU.Build.0 = Debug|Any CPU
		{F64D0A1C-F0B9-4ADE-80AD-6B66221F4DC0}.Release|Any CPU.ActiveCfg = Release|Any CPU
		{F64D0A1C-F0B9-4ADE-80AD-6B66221F4DC0}.Release|Any CPU.Build.0 = Release|Any CPU
		{14B23DA6-1C76-4F19-A82E-1A0C3A4403E5}.Debug|Any CPU.ActiveCfg = Debug|Any CPU
		{14B23DA6-1C76-4F19-A82E-1A0C3A4403E5}.Debug|Any CPU.Build.0 = Debug|Any CPU
		{14B23DA6-1C76-4F19-A82E-1A0C3A4403E5}.Release|Any CPU.ActiveCfg = Release|Any CPU
		{14B23DA6-1C76-4F19-A82E-1A0C3A4403E5}.Release|Any CPU.Build.0 = Release|Any CPU
		{15EEF16F-4F66-489A-B351-B94712E9BB26}.Debug|Any CPU.ActiveCfg = Debug|Any CPU
		{15EEF16F-4F66-489A-B351-B94712E9BB26}.Debug|Any CPU.Build.0 = Debug|Any CPU
		{15EEF16F-4F66-489A-B351-B94712E9BB26}.Release|Any CPU.ActiveCfg = Release|Any CPU
		{15EEF16F-4F66-489A-B351-B94712E9BB26}.Release|Any CPU.Build.0 = Release|Any CPU
		{073DEA91-900B-4180-9BA0-B44BB7A44B09}.Debug|Any CPU.ActiveCfg = Debug|Any CPU
		{073DEA91-900B-4180-9BA0-B44BB7A44B09}.Debug|Any CPU.Build.0 = Debug|Any CPU
		{073DEA91-900B-4180-9BA0-B44BB7A44B09}.Release|Any CPU.ActiveCfg = Release|Any CPU
		{073DEA91-900B-4180-9BA0-B44BB7A44B09}.Release|Any CPU.Build.0 = Release|Any CPU
		{810AC72B-E37A-43F5-9D7B-D726BFAB802C}.Debug|Any CPU.ActiveCfg = Debug|Any CPU
		{810AC72B-E37A-43F5-9D7B-D726BFAB802C}.Debug|Any CPU.Build.0 = Debug|Any CPU
		{810AC72B-E37A-43F5-9D7B-D726BFAB802C}.Release|Any CPU.ActiveCfg = Release|Any CPU
		{810AC72B-E37A-43F5-9D7B-D726BFAB802C}.Release|Any CPU.Build.0 = Release|Any CPU
	EndGlobalSection
	GlobalSection(SolutionProperties) = preSolution
		HideSolutionNode = FALSE
	EndGlobalSection
	GlobalSection(ExtensibilityGlobals) = postSolution
		SolutionGuid = {3130EC04-439F-4499-8C25-B49BA2E75CD9}
	EndGlobalSection
EndGlobal
